// !$*UTF8*$!
{
	archiveVersion = 1;
	classes = {
	};
	objectVersion = 56;
	objects = {

/* Begin PBXBuildFile section */
		59B49A182AABD0BC00130CF3 /* FithnitiApp.swift in Sources */ = {isa = PBXBuildFile; fileRef = 59B49A172AABD0BC00130CF3 /* FithnitiApp.swift */; };
		59B49A1A2AABD0BC00130CF3 /* ContentView.swift in Sources */ = {isa = PBXBuildFile; fileRef = 59B49A192AABD0BC00130CF3 /* ContentView.swift */; };
		59B49A1C2AABD0BD00130CF3 /* Assets.xcassets in Resources */ = {isa = PBXBuildFile; fileRef = 59B49A1B2AABD0BD00130CF3 /* Assets.xcassets */; };
		59B49A1F2AABD0BD00130CF3 /* Preview Assets.xcassets in Resources */ = {isa = PBXBuildFile; fileRef = 59B49A1E2AABD0BD00130CF3 /* Preview Assets.xcassets */; };
		59B49A292AABD0BD00130CF3 /* FithnitiTests.swift in Sources */ = {isa = PBXBuildFile; fileRef = 59B49A282AABD0BD00130CF3 /* FithnitiTests.swift */; };
		59B49A332AABD0BD00130CF3 /* FithnitiUITests.swift in Sources */ = {isa = PBXBuildFile; fileRef = 59B49A322AABD0BD00130CF3 /* FithnitiUITests.swift */; };
		59B49A352AABD0BD00130CF3 /* FithnitiUITestsLaunchTests.swift in Sources */ = {isa = PBXBuildFile; fileRef = 59B49A342AABD0BD00130CF3 /* FithnitiUITestsLaunchTests.swift */; };
/* End PBXBuildFile section */

/* Begin PBXContainerItemProxy section */
		59B49A252AABD0BD00130CF3 /* PBXContainerItemProxy */ = {
			isa = PBXContainerItemProxy;
			containerPortal = 59B49A0C2AABD0BC00130CF3 /* Project object */;
			proxyType = 1;
			remoteGlobalIDString = 59B49A132AABD0BC00130CF3;
			remoteInfo = Fithniti;
		};
		59B49A2F2AABD0BD00130CF3 /* PBXContainerItemProxy */ = {
			isa = PBXContainerItemProxy;
			containerPortal = 59B49A0C2AABD0BC00130CF3 /* Project object */;
			proxyType = 1;
			remoteGlobalIDString = 59B49A132AABD0BC00130CF3;
			remoteInfo = Fithniti;
		};
/* End PBXContainerItemProxy section */

/* Begin PBXFileReference section */
		59B49A142AABD0BC00130CF3 /* Fithniti.app */ = {isa = PBXFileReference; explicitFileType = wrapper.application; includeInIndex = 0; path = Fithniti.app; sourceTree = BUILT_PRODUCTS_DIR; };
		59B49A172AABD0BC00130CF3 /* FithnitiApp.swift */ = {isa = PBXFileReference; lastKnownFileType = sourcecode.swift; path = FithnitiApp.swift; sourceTree = "<group>"; };
		59B49A192AABD0BC00130CF3 /* ContentView.swift */ = {isa = PBXFileReference; lastKnownFileType = sourcecode.swift; path = ContentView.swift; sourceTree = "<group>"; };
		59B49A1B2AABD0BD00130CF3 /* Assets.xcassets */ = {isa = PBXFileReference; lastKnownFileType = folder.assetcatalog; path = Assets.xcassets; sourceTree = "<group>"; };
		59B49A1E2AABD0BD00130CF3 /* Preview Assets.xcassets */ = {isa = PBXFileReference; lastKnownFileType = folder.assetcatalog; path = "Preview Assets.xcassets"; sourceTree = "<group>"; };
		59B49A242AABD0BD00130CF3 /* FithnitiTests.xctest */ = {isa = PBXFileReference; explicitFileType = wrapper.cfbundle; includeInIndex = 0; path = FithnitiTests.xctest; sourceTree = BUILT_PRODUCTS_DIR; };
		59B49A282AABD0BD00130CF3 /* FithnitiTests.swift */ = {isa = PBXFileReference; lastKnownFileType = sourcecode.swift; path = FithnitiTests.swift; sourceTree = "<group>"; };
		59B49A2E2AABD0BD00130CF3 /* FithnitiUITests.xctest */ = {isa = PBXFileReference; explicitFileType = wrapper.cfbundle; includeInIndex = 0; path = FithnitiUITests.xctest; sourceTree = BUILT_PRODUCTS_DIR; };
		59B49A322AABD0BD00130CF3 /* FithnitiUITests.swift */ = {isa = PBXFileReference; lastKnownFileType = sourcecode.swift; path = FithnitiUITests.swift; sourceTree = "<group>"; };
		59B49A342AABD0BD00130CF3 /* FithnitiUITestsLaunchTests.swift */ = {isa = PBXFileReference; lastKnownFileType = sourcecode.swift; path = FithnitiUITestsLaunchTests.swift; sourceTree = "<group>"; };
/* End PBXFileReference section */

/* Begin PBXFrameworksBuildPhase section */
		59B49A112AABD0BC00130CF3 /* Frameworks */ = {
			isa = PBXFrameworksBuildPhase;
			buildActionMask = 2147483647;
			files = (
			);
			runOnlyForDeploymentPostprocessing = 0;
		};
		59B49A212AABD0BD00130CF3 /* Frameworks */ = {
			isa = PBXFrameworksBuildPhase;
			buildActionMask = 2147483647;
			files = (
			);
			runOnlyForDeploymentPostprocessing = 0;
		};
		59B49A2B2AABD0BD00130CF3 /* Frameworks */ = {
			isa = PBXFrameworksBuildPhase;
			buildActionMask = 2147483647;
			files = (
			);
			runOnlyForDeploymentPostprocessing = 0;
		};
/* End PBXFrameworksBuildPhase section */

/* Begin PBXGroup section */
		59B49A0B2AABD0BC00130CF3 = {
			isa = PBXGroup;
			children = (
				59B49A162AABD0BC00130CF3 /* Fithniti */,
				59B49A272AABD0BD00130CF3 /* FithnitiTests */,
				59B49A312AABD0BD00130CF3 /* FithnitiUITests */,
				59B49A152AABD0BC00130CF3 /* Products */,
			);
			sourceTree = "<group>";
		};
		59B49A152AABD0BC00130CF3 /* Products */ = {
			isa = PBXGroup;
			children = (
				59B49A142AABD0BC00130CF3 /* Fithniti.app */,
				59B49A242AABD0BD00130CF3 /* FithnitiTests.xctest */,
				59B49A2E2AABD0BD00130CF3 /* FithnitiUITests.xctest */,
			);
			name = Products;
			sourceTree = "<group>";
		};
		59B49A162AABD0BC00130CF3 /* Fithniti */ = {
			isa = PBXGroup;
			children = (
				59B49A172AABD0BC00130CF3 /* FithnitiApp.swift */,
				59B49A192AABD0BC00130CF3 /* ContentView.swift */,
				59B49A1B2AABD0BD00130CF3 /* Assets.xcassets */,
				59B49A1D2AABD0BD00130CF3 /* Preview Content */,
			);
			path = Fithniti;
			sourceTree = "<group>";
		};
		59B49A1D2AABD0BD00130CF3 /* Preview Content */ = {
			isa = PBXGroup;
			children = (
				59B49A1E2AABD0BD00130CF3 /* Preview Assets.xcassets */,
			);
			path = "Preview Content";
			sourceTree = "<group>";
		};
		59B49A272AABD0BD00130CF3 /* FithnitiTests */ = {
			isa = PBXGroup;
			children = (
				59B49A282AABD0BD00130CF3 /* FithnitiTests.swift */,
			);
			path = FithnitiTests;
			sourceTree = "<group>";
		};
		59B49A312AABD0BD00130CF3 /* FithnitiUITests */ = {
			isa = PBXGroup;
			children = (
				59B49A322AABD0BD00130CF3 /* FithnitiUITests.swift */,
				59B49A342AABD0BD00130CF3 /* FithnitiUITestsLaunchTests.swift */,
			);
			path = FithnitiUITests;
			sourceTree = "<group>";
		};
/* End PBXGroup section */

/* Begin PBXNativeTarget section */
		59B49A132AABD0BC00130CF3 /* Fithniti */ = {
			isa = PBXNativeTarget;
			buildConfigurationList = 59B49A382AABD0BD00130CF3 /* Build configuration list for PBXNativeTarget "Fithniti" */;
			buildPhases = (
				59B49A102AABD0BC00130CF3 /* Sources */,
				59B49A112AABD0BC00130CF3 /* Frameworks */,
				59B49A122AABD0BC00130CF3 /* Resources */,
			);
			buildRules = (
			);
			dependencies = (
			);
			name = Fithniti;
			productName = Fithniti;
			productReference = 59B49A142AABD0BC00130CF3 /* Fithniti.app */;
			productType = "com.apple.product-type.application";
		};
		59B49A232AABD0BD00130CF3 /* FithnitiTests */ = {
			isa = PBXNativeTarget;
			buildConfigurationList = 59B49A3B2AABD0BD00130CF3 /* Build configuration list for PBXNativeTarget "FithnitiTests" */;
			buildPhases = (
				59B49A202AABD0BD00130CF3 /* Sources */,
				59B49A212AABD0BD00130CF3 /* Frameworks */,
				59B49A222AABD0BD00130CF3 /* Resources */,
			);
			buildRules = (
			);
			dependencies = (
				59B49A262AABD0BD00130CF3 /* PBXTargetDependency */,
			);
			name = FithnitiTests;
			productName = FithnitiTests;
			productReference = 59B49A242AABD0BD00130CF3 /* FithnitiTests.xctest */;
			productType = "com.apple.product-type.bundle.unit-test";
		};
		59B49A2D2AABD0BD00130CF3 /* FithnitiUITests */ = {
			isa = PBXNativeTarget;
			buildConfigurationList = 59B49A3E2AABD0BD00130CF3 /* Build configuration list for PBXNativeTarget "FithnitiUITests" */;
			buildPhases = (
				59B49A2A2AABD0BD00130CF3 /* Sources */,
				59B49A2B2AABD0BD00130CF3 /* Frameworks */,
				59B49A2C2AABD0BD00130CF3 /* Resources */,
			);
			buildRules = (
			);
			dependencies = (
				59B49A302AABD0BD00130CF3 /* PBXTargetDependency */,
			);
			name = FithnitiUITests;
			productName = FithnitiUITests;
			productReference = 59B49A2E2AABD0BD00130CF3 /* FithnitiUITests.xctest */;
			productType = "com.apple.product-type.bundle.ui-testing";
		};
/* End PBXNativeTarget section */

/* Begin PBXProject section */
		59B49A0C2AABD0BC00130CF3 /* Project object */ = {
			isa = PBXProject;
			attributes = {
				BuildIndependentTargetsInParallel = 1;
				LastSwiftUpdateCheck = 1430;
				LastUpgradeCheck = 1430;
				TargetAttributes = {
					59B49A132AABD0BC00130CF3 = {
						CreatedOnToolsVersion = 14.3.1;
					};
					59B49A232AABD0BD00130CF3 = {
						CreatedOnToolsVersion = 14.3.1;
						TestTargetID = 59B49A132AABD0BC00130CF3;
					};
					59B49A2D2AABD0BD00130CF3 = {
						CreatedOnToolsVersion = 14.3.1;
						TestTargetID = 59B49A132AABD0BC00130CF3;
					};
				};
			};
			buildConfigurationList = 59B49A0F2AABD0BC00130CF3 /* Build configuration list for PBXProject "Fithniti" */;
			compatibilityVersion = "Xcode 14.0";
			developmentRegion = en;
			hasScannedForEncodings = 0;
			knownRegions = (
				en,
				Base,
			);
			mainGroup = 59B49A0B2AABD0BC00130CF3;
			productRefGroup = 59B49A152AABD0BC00130CF3 /* Products */;
			projectDirPath = "";
			projectRoot = "";
			targets = (
				59B49A132AABD0BC00130CF3 /* Fithniti */,
				59B49A232AABD0BD00130CF3 /* FithnitiTests */,
				59B49A2D2AABD0BD00130CF3 /* FithnitiUITests */,
			);
		};
/* End PBXProject section */

/* Begin PBXResourcesBuildPhase section */
		59B49A122AABD0BC00130CF3 /* Resources */ = {
			isa = PBXResourcesBuildPhase;
			buildActionMask = 2147483647;
			files = (
				59B49A1F2AABD0BD00130CF3 /* Preview Assets.xcassets in Resources */,
				59B49A1C2AABD0BD00130CF3 /* Assets.xcassets in Resources */,
			);
			runOnlyForDeploymentPostprocessing = 0;
		};
		59B49A222AABD0BD00130CF3 /* Resources */ = {
			isa = PBXResourcesBuildPhase;
			buildActionMask = 2147483647;
			files = (
			);
			runOnlyForDeploymentPostprocessing = 0;
		};
		59B49A2C2AABD0BD00130CF3 /* Resources */ = {
			isa = PBXResourcesBuildPhase;
			buildActionMask = 2147483647;
			files = (
			);
			runOnlyForDeploymentPostprocessing = 0;
		};
/* End PBXResourcesBuildPhase section */

/* Begin PBXSourcesBuildPhase section */
		59B49A102AABD0BC00130CF3 /* Sources */ = {
			isa = PBXSourcesBuildPhase;
			buildActionMask = 2147483647;
			files = (
				59B49A1A2AABD0BC00130CF3 /* ContentView.swift in Sources */,
				59B49A182AABD0BC00130CF3 /* FithnitiApp.swift in Sources */,
			);
			runOnlyForDeploymentPostprocessing = 0;
		};
		59B49A202AABD0BD00130CF3 /* Sources */ = {
			isa = PBXSourcesBuildPhase;
			buildActionMask = 2147483647;
			files = (
				59B49A292AABD0BD00130CF3 /* FithnitiTests.swift in Sources */,
			);
			runOnlyForDeploymentPostprocessing = 0;
		};
		59B49A2A2AABD0BD00130CF3 /* Sources */ = {
			isa = PBXSourcesBuildPhase;
			buildActionMask = 2147483647;
			files = (
				59B49A352AABD0BD00130CF3 /* FithnitiUITestsLaunchTests.swift in Sources */,
				59B49A332AABD0BD00130CF3 /* FithnitiUITests.swift in Sources */,
			);
			runOnlyForDeploymentPostprocessing = 0;
		};
/* End PBXSourcesBuildPhase section */

/* Begin PBXTargetDependency section */
		59B49A262AABD0BD00130CF3 /* PBXTargetDependency */ = {
			isa = PBXTargetDependency;
			target = 59B49A132AABD0BC00130CF3 /* Fithniti */;
			targetProxy = 59B49A252AABD0BD00130CF3 /* PBXContainerItemProxy */;
		};
		59B49A302AABD0BD00130CF3 /* PBXTargetDependency */ = {
			isa = PBXTargetDependency;
			target = 59B49A132AABD0BC00130CF3 /* Fithniti */;
			targetProxy = 59B49A2F2AABD0BD00130CF3 /* PBXContainerItemProxy */;
		};
/* End PBXTargetDependency section */

/* Begin XCBuildConfiguration section */
		59B49A362AABD0BD00130CF3 /* Debug */ = {
			isa = XCBuildConfiguration;
			buildSettings = {
				ALWAYS_SEARCH_USER_PATHS = NO;
				CLANG_ANALYZER_NONNULL = YES;
				CLANG_ANALYZER_NUMBER_OBJECT_CONVERSION = YES_AGGRESSIVE;
				CLANG_CXX_LANGUAGE_STANDARD = "gnu++20";
				CLANG_ENABLE_MODULES = YES;
				CLANG_ENABLE_OBJC_ARC = YES;
				CLANG_ENABLE_OBJC_WEAK = YES;
				CLANG_WARN_BLOCK_CAPTURE_AUTORELEASING = YES;
				CLANG_WARN_BOOL_CONVERSION = YES;
				CLANG_WARN_COMMA = YES;
				CLANG_WARN_CONSTANT_CONVERSION = YES;
				CLANG_WARN_DEPRECATED_OBJC_IMPLEMENTATIONS = YES;
				CLANG_WARN_DIRECT_OBJC_ISA_USAGE = YES_ERROR;
				CLANG_WARN_DOCUMENTATION_COMMENTS = YES;
				CLANG_WARN_EMPTY_BODY = YES;
				CLANG_WARN_ENUM_CONVERSION = YES;
				CLANG_WARN_INFINITE_RECURSION = YES;
				CLANG_WARN_INT_CONVERSION = YES;
				CLANG_WARN_NON_LITERAL_NULL_CONVERSION = YES;
				CLANG_WARN_OBJC_IMPLICIT_RETAIN_SELF = YES;
				CLANG_WARN_OBJC_LITERAL_CONVERSION = YES;
				CLANG_WARN_OBJC_ROOT_CLASS = YES_ERROR;
				CLANG_WARN_QUOTED_INCLUDE_IN_FRAMEWORK_HEADER = YES;
				CLANG_WARN_RANGE_LOOP_ANALYSIS = YES;
				CLANG_WARN_STRICT_PROTOTYPES = YES;
				CLANG_WARN_SUSPICIOUS_MOVE = YES;
				CLANG_WARN_UNGUARDED_AVAILABILITY = YES_AGGRESSIVE;
				CLANG_WARN_UNREACHABLE_CODE = YES;
				CLANG_WARN__DUPLICATE_METHOD_MATCH = YES;
				COPY_PHASE_STRIP = NO;
				DEBUG_INFORMATION_FORMAT = dwarf;
				ENABLE_STRICT_OBJC_MSGSEND = YES;
				ENABLE_TESTABILITY = YES;
				GCC_C_LANGUAGE_STANDARD = gnu11;
				GCC_DYNAMIC_NO_PIC = NO;
				GCC_NO_COMMON_BLOCKS = YES;
				GCC_OPTIMIZATION_LEVEL = 0;
				GCC_PREPROCESSOR_DEFINITIONS = (
					"DEBUG=1",
					"$(inherited)",
				);
				GCC_WARN_64_TO_32_BIT_CONVERSION = YES;
				GCC_WARN_ABOUT_RETURN_TYPE = YES_ERROR;
				GCC_WARN_UNDECLARED_SELECTOR = YES;
				GCC_WARN_UNINITIALIZED_AUTOS = YES_AGGRESSIVE;
				GCC_WARN_UNUSED_FUNCTION = YES;
				GCC_WARN_UNUSED_VARIABLE = YES;
				IPHONEOS_DEPLOYMENT_TARGET = 16.4;
				MTL_ENABLE_DEBUG_INFO = INCLUDE_SOURCE;
				MTL_FAST_MATH = YES;
				ONLY_ACTIVE_ARCH = YES;
				SDKROOT = iphoneos;
				SWIFT_ACTIVE_COMPILATION_CONDITIONS = DEBUG;
				SWIFT_OPTIMIZATION_LEVEL = "-Onone";
			};
			name = Debug;
		};
		59B49A372AABD0BD00130CF3 /* Release */ = {
			isa = XCBuildConfiguration;
			buildSettings = {
				ALWAYS_SEARCH_USER_PATHS = NO;
				CLANG_ANALYZER_NONNULL = YES;
				CLANG_ANALYZER_NUMBER_OBJECT_CONVERSION = YES_AGGRESSIVE;
				CLANG_CXX_LANGUAGE_STANDARD = "gnu++20";
				CLANG_ENABLE_MODULES = YES;
				CLANG_ENABLE_OBJC_ARC = YES;
				CLANG_ENABLE_OBJC_WEAK = YES;
				CLANG_WARN_BLOCK_CAPTURE_AUTORELEASING = YES;
				CLANG_WARN_BOOL_CONVERSION = YES;
				CLANG_WARN_COMMA = YES;
				CLANG_WARN_CONSTANT_CONVERSION = YES;
				CLANG_WARN_DEPRECATED_OBJC_IMPLEMENTATIONS = YES;
				CLANG_WARN_DIRECT_OBJC_ISA_USAGE = YES_ERROR;
				CLANG_WARN_DOCUMENTATION_COMMENTS = YES;
				CLANG_WARN_EMPTY_BODY = YES;
				CLANG_WARN_ENUM_CONVERSION = YES;
				CLANG_WARN_INFINITE_RECURSION = YES;
				CLANG_WARN_INT_CONVERSION = YES;
				CLANG_WARN_NON_LITERAL_NULL_CONVERSION = YES;
				CLANG_WARN_OBJC_IMPLICIT_RETAIN_SELF = YES;
				CLANG_WARN_OBJC_LITERAL_CONVERSION = YES;
				CLANG_WARN_OBJC_ROOT_CLASS = YES_ERROR;
				CLANG_WARN_QUOTED_INCLUDE_IN_FRAMEWORK_HEADER = YES;
				CLANG_WARN_RANGE_LOOP_ANALYSIS = YES;
				CLANG_WARN_STRICT_PROTOTYPES = YES;
				CLANG_WARN_SUSPICIOUS_MOVE = YES;
				CLANG_WARN_UNGUARDED_AVAILABILITY = YES_AGGRESSIVE;
				CLANG_WARN_UNREACHABLE_CODE = YES;
				CLANG_WARN__DUPLICATE_METHOD_MATCH = YES;
				COPY_PHASE_STRIP = NO;
				DEBUG_INFORMATION_FORMAT = "dwarf-with-dsym";
				ENABLE_NS_ASSERTIONS = NO;
				ENABLE_STRICT_OBJC_MSGSEND = YES;
				GCC_C_LANGUAGE_STANDARD = gnu11;
				GCC_NO_COMMON_BLOCKS = YES;
				GCC_WARN_64_TO_32_BIT_CONVERSION = YES;
				GCC_WARN_ABOUT_RETURN_TYPE = YES_ERROR;
				GCC_WARN_UNDECLARED_SELECTOR = YES;
				GCC_WARN_UNINITIALIZED_AUTOS = YES_AGGRESSIVE;
				GCC_WARN_UNUSED_FUNCTION = YES;
				GCC_WARN_UNUSED_VARIABLE = YES;
				IPHONEOS_DEPLOYMENT_TARGET = 16.4;
				MTL_ENABLE_DEBUG_INFO = NO;
				MTL_FAST_MATH = YES;
				SDKROOT = iphoneos;
				SWIFT_COMPILATION_MODE = wholemodule;
				SWIFT_OPTIMIZATION_LEVEL = "-O";
				VALIDATE_PRODUCT = YES;
			};
			name = Release;
		};
		59B49A392AABD0BD00130CF3 /* Debug */ = {
			isa = XCBuildConfiguration;
			buildSettings = {
				ASSETCATALOG_COMPILER_APPICON_NAME = AppIcon;
				ASSETCATALOG_COMPILER_GLOBAL_ACCENT_COLOR_NAME = AccentColor;
				CODE_SIGN_STYLE = Automatic;
				CURRENT_PROJECT_VERSION = 1;
				DEVELOPMENT_ASSET_PATHS = "\"Fithniti/Preview Content\"";
				DEVELOPMENT_TEAM = 624S65FGM5;
				ENABLE_PREVIEWS = YES;
				GENERATE_INFOPLIST_FILE = YES;
				INFOPLIST_KEY_UIApplicationSceneManifest_Generation = YES;
				INFOPLIST_KEY_UIApplicationSupportsIndirectInputEvents = YES;
				INFOPLIST_KEY_UILaunchScreen_Generation = YES;
				INFOPLIST_KEY_UISupportedInterfaceOrientations_iPad = "UIInterfaceOrientationPortrait UIInterfaceOrientationPortraitUpsideDown UIInterfaceOrientationLandscapeLeft UIInterfaceOrientationLandscapeRight";
				INFOPLIST_KEY_UISupportedInterfaceOrientations_iPhone = "UIInterfaceOrientationPortrait UIInterfaceOrientationLandscapeLeft UIInterfaceOrientationLandscapeRight";
				LD_RUNPATH_SEARCH_PATHS = (
					"$(inherited)",
					"@executable_path/Frameworks",
				);
				MARKETING_VERSION = 1.0;
				PRODUCT_BUNDLE_IDENTIFIER = com.funest.Fithniti;
				PRODUCT_NAME = "$(TARGET_NAME)";
				SWIFT_EMIT_LOC_STRINGS = YES;
				SWIFT_VERSION = 5.0;
				TARGETED_DEVICE_FAMILY = "1,2";
			};
			name = Debug;
		};
		59B49A3A2AABD0BD00130CF3 /* Release */ = {
			isa = XCBuildConfiguration;
			buildSettings = {
				ASSETCATALOG_COMPILER_APPICON_NAME = AppIcon;
				ASSETCATALOG_COMPILER_GLOBAL_ACCENT_COLOR_NAME = AccentColor;
				CODE_SIGN_STYLE = Automatic;
				CURRENT_PROJECT_VERSION = 1;
				DEVELOPMENT_ASSET_PATHS = "\"Fithniti/Preview Content\"";
				DEVELOPMENT_TEAM = 624S65FGM5;
				ENABLE_PREVIEWS = YES;
				GENERATE_INFOPLIST_FILE = YES;
				INFOPLIST_KEY_UIApplicationSceneManifest_Generation = YES;
				INFOPLIST_KEY_UIApplicationSupportsIndirectInputEvents = YES;
				INFOPLIST_KEY_UILaunchScreen_Generation = YES;
				INFOPLIST_KEY_UISupportedInterfaceOrientations_iPad = "UIInterfaceOrientationPortrait UIInterfaceOrientationPortraitUpsideDown UIInterfaceOrientationLandscapeLeft UIInterfaceOrientationLandscapeRight";
				INFOPLIST_KEY_UISupportedInterfaceOrientations_iPhone = "UIInterfaceOrientationPortrait UIInterfaceOrientationLandscapeLeft UIInterfaceOrientationLandscapeRight";
				LD_RUNPATH_SEARCH_PATHS = (
					"$(inherited)",
					"@executable_path/Frameworks",
				);
				MARKETING_VERSION = 1.0;
				PRODUCT_BUNDLE_IDENTIFIER = com.funest.Fithniti;
				PRODUCT_NAME = "$(TARGET_NAME)";
				SWIFT_EMIT_LOC_STRINGS = YES;
				SWIFT_VERSION = 5.0;
				TARGETED_DEVICE_FAMILY = "1,2";
			};
			name = Release;
		};
		59B49A3C2AABD0BD00130CF3 /* Debug */ = {
			isa = XCBuildConfiguration;
			buildSettings = {
				ALWAYS_EMBED_SWIFT_STANDARD_LIBRARIES = YES;
				BUNDLE_LOADER = "$(TEST_HOST)";
				CODE_SIGN_STYLE = Automatic;
				CURRENT_PROJECT_VERSION = 1;
				DEVELOPMENT_TEAM = 624S65FGM5;
				GENERATE_INFOPLIST_FILE = YES;
				IPHONEOS_DEPLOYMENT_TARGET = 16.4;
				MARKETING_VERSION = 1.0;
				PRODUCT_BUNDLE_IDENTIFIER = com.funest.FithnitiTests;
				PRODUCT_NAME = "$(TARGET_NAME)";
				SWIFT_EMIT_LOC_STRINGS = NO;
				SWIFT_VERSION = 5.0;
				TARGETED_DEVICE_FAMILY = "1,2";
				TEST_HOST = "$(BUILT_PRODUCTS_DIR)/Fithniti.app/$(BUNDLE_EXECUTABLE_FOLDER_PATH)/Fithniti";
			};
			name = Debug;
		};
		59B49A3D2AABD0BD00130CF3 /* Release */ = {
			isa = XCBuildConfiguration;
			buildSettings = {
				ALWAYS_EMBED_SWIFT_STANDARD_LIBRARIES = YES;
				BUNDLE_LOADER = "$(TEST_HOST)";
				CODE_SIGN_STYLE = Automatic;
				CURRENT_PROJECT_VERSION = 1;
				DEVELOPMENT_TEAM = 624S65FGM5;
				GENERATE_INFOPLIST_FILE = YES;
				IPHONEOS_DEPLOYMENT_TARGET = 16.4;
				MARKETING_VERSION = 1.0;
				PRODUCT_BUNDLE_IDENTIFIER = com.funest.FithnitiTests;
				PRODUCT_NAME = "$(TARGET_NAME)";
				SWIFT_EMIT_LOC_STRINGS = NO;
				SWIFT_VERSION = 5.0;
				TARGETED_DEVICE_FAMILY = "1,2";
				TEST_HOST = "$(BUILT_PRODUCTS_DIR)/Fithniti.app/$(BUNDLE_EXECUTABLE_FOLDER_PATH)/Fithniti";
			};
			name = Release;
		};
		59B49A3F2AABD0BD00130CF3 /* Debug */ = {
			isa = XCBuildConfiguration;
			buildSettings = {
				ALWAYS_EMBED_SWIFT_STANDARD_LIBRARIES = YES;
				CODE_SIGN_STYLE = Automatic;
				CURRENT_PROJECT_VERSION = 1;
				DEVELOPMENT_TEAM = 624S65FGM5;
				GENERATE_INFOPLIST_FILE = YES;
				MARKETING_VERSION = 1.0;
				PRODUCT_BUNDLE_IDENTIFIER = com.funest.FithnitiUITests;
				PRODUCT_NAME = "$(TARGET_NAME)";
				SWIFT_EMIT_LOC_STRINGS = NO;
				SWIFT_VERSION = 5.0;
				TARGETED_DEVICE_FAMILY = "1,2";
				TEST_TARGET_NAME = Fithniti;
			};
			name = Debug;
		};
		59B49A402AABD0BD00130CF3 /* Release */ = {
			isa = XCBuildConfiguration;
			buildSettings = {
				ALWAYS_EMBED_SWIFT_STANDARD_LIBRARIES = YES;
				CODE_SIGN_STYLE = Automatic;
				CURRENT_PROJECT_VERSION = 1;
				DEVELOPMENT_TEAM = 624S65FGM5;
				GENERATE_INFOPLIST_FILE = YES;
				MARKETING_VERSION = 1.0;
				PRODUCT_BUNDLE_IDENTIFIER = com.funest.FithnitiUITests;
				PRODUCT_NAME = "$(TARGET_NAME)";
				SWIFT_EMIT_LOC_STRINGS = NO;
				SWIFT_VERSION = 5.0;
				TARGETED_DEVICE_FAMILY = "1,2";
				TEST_TARGET_NAME = Fithniti;
			};
			name = Release;
		};
/* End XCBuildConfiguration section */

/* Begin XCConfigurationList section */
		59B49A0F2AABD0BC00130CF3 /* Build configuration list for PBXProject "Fithniti" */ = {
			isa = XCConfigurationList;
			buildConfigurations = (
				59B49A362AABD0BD00130CF3 /* Debug */,
				59B49A372AABD0BD00130CF3 /* Release */,
			);
			defaultConfigurationIsVisible = 0;
			defaultConfigurationName = Release;
		};
		59B49A382AABD0BD00130CF3 /* Build configuration list for PBXNativeTarget "Fithniti" */ = {
			isa = XCConfigurationList;
			buildConfigurations = (
				59B49A392AABD0BD00130CF3 /* Debug */,
				59B49A3A2AABD0BD00130CF3 /* Release */,
			);
			defaultConfigurationIsVisible = 0;
			defaultConfigurationName = Release;
		};
		59B49A3B2AABD0BD00130CF3 /* Build configuration list for PBXNativeTarget "FithnitiTests" */ = {
			isa = XCConfigurationList;
			buildConfigurations = (
				59B49A3C2AABD0BD00130CF3 /* Debug */,
				59B49A3D2AABD0BD00130CF3 /* Release */,
			);
			defaultConfigurationIsVisible = 0;
			defaultConfigurationName = Release;
		};
		59B49A3E2AABD0BD00130CF3 /* Build configuration list for PBXNativeTarget "FithnitiUITests" */ = {
			isa = XCConfigurationList;
			buildConfigurations = (
				59B49A3F2AABD0BD00130CF3 /* Debug */,
				59B49A402AABD0BD00130CF3 /* Release */,
			);
			defaultConfigurationIsVisible = 0;
			defaultConfigurationName = Release;
		};
/* End XCConfigurationList section */
	};
	rootObject = 59B49A0C2AABD0BC00130CF3 /* Project object */;
}
